
Microsoft Visual Studio Solution File, Format Version 12.00
# Visual Studio 14
VisualStudioVersion = 14.0.25420.1
MinimumVisualStudioVersion = 10.0.40219.1
Project("{8BC9CEB8-8B4A-11D0-8D11-00A0C91BC942}") = "vs2015", "vs2015\vs2015.vcxproj", "{080774BE-0BC3-4EE0-BE4C-120D30C79340}"
EndProject
Global
	GlobalSection(SolutionConfigurationPlatforms) = preSolution
		Debug|x64 = Debug|x64
		Debug|x86 = Debug|x86
		Release|x64 = Release|x64
		Release|x86 = Release|x86
	EndGlobalSection
	GlobalSection(ProjectConfigurationPlatforms) = postSolution
		{080774BE-0BC3-4EE0-BE4C-120D30C79340}.Debug|x64.ActiveCfg = Debug|x64
		{080774BE-0BC3-4EE0-BE4C-120D30C79340}.Debug|x64.Build.0 = Debug|x64
		{080774BE-0BC3-4EE0-BE4C-120D30C79340}.Debug|x86.ActiveCfg = Debug|Win32
		{080774BE-0BC3-4EE0-BE4C-120D30C79340}.Debug|x86.Build.0 = Debug|Win32
		{080774BE-0BC3-4EE0-BE4C-120D30C79340}.Release|x64.ActiveCfg = Release|x64
		{080774BE-0BC3-4EE0-BE4C-120D30C79340}.Release|x64.Build.0 = Release|x64
		{080774BE-0BC3-4EE0-BE4C-120D30C79340}.Release|x86.ActiveCfg = Release|Win32
		{080774BE-0BC3-4EE0-BE4C-120D30C79340}.Release|x86.Build.0 = Release|Win32
	EndGlobalSection
	GlobalSection(SolutionProperties) = preSolution
		HideSolutionNode = FALSE
	EndGlobalSection
EndGlobal
